
Microsoft Visual Studio Solution File, Format Version 12.00
# Visual Studio 15
VisualStudioVersion = 15.0.28010.2003
MinimumVisualStudioVersion = 10.0.40219.1
Project("{FAE04EC0-301F-11D3-BF4B-00C04F79EFBC}") = "TachyonFix", "TachyonFix.csproj", "{3A1B5A44-AC58-43E5-A300-31FB4C6B8BC2}"
EndProject
Project("{FAE04EC0-301F-11D3-BF4B-00C04F79EFBC}") = "TachyonFix.Core", "TachyonFix.Core\TachyonFix.Core.csproj", "{05A92046-8174-4129-A87F-7368A62A0692}"
EndProject
Project("{FAE04EC0-301F-11D3-BF4B-00C04F79EFBC}") = "Testing", "..\Testing\Testing.csproj", "{51B1F79F-3CB5-4044-AF0C-9C00DC9ED985}"
EndProject
Global
	GlobalSection(SolutionConfigurationPlatforms) = preSolution
		Debug|Any CPU = Debug|Any CPU
		Release|Any CPU = Release|Any CPU
	EndGlobalSection
	GlobalSection(ProjectConfigurationPlatforms) = postSolution
		{3A1B5A44-AC58-43E5-A300-31FB4C6B8BC2}.Debug|Any CPU.ActiveCfg = Debug|Any CPU
		{3A1B5A44-AC58-43E5-A300-31FB4C6B8BC2}.Debug|Any CPU.Build.0 = Debug|Any CPU
		{3A1B5A44-AC58-43E5-A300-31FB4C6B8BC2}.Release|Any CPU.ActiveCfg = Release|Any CPU
		{3A1B5A44-AC58-43E5-A300-31FB4C6B8BC2}.Release|Any CPU.Build.0 = Release|Any CPU
		{05A92046-8174-4129-A87F-7368A62A0692}.Debug|Any CPU.ActiveCfg = Debug|Any CPU
		{05A92046-8174-4129-A87F-7368A62A0692}.Debug|Any CPU.Build.0 = Debug|Any CPU
		{05A92046-8174-4129-A87F-7368A62A0692}.Release|Any CPU.ActiveCfg = Release|Any CPU
		{05A92046-8174-4129-A87F-7368A62A0692}.Release|Any CPU.Build.0 = Release|Any CPU
		{51B1F79F-3CB5-4044-AF0C-9C00DC9ED985}.Debug|Any CPU.ActiveCfg = Debug|Any CPU
		{51B1F79F-3CB5-4044-AF0C-9C00DC9ED985}.Debug|Any CPU.Build.0 = Debug|Any CPU
		{51B1F79F-3CB5-4044-AF0C-9C00DC9ED985}.Release|Any CPU.ActiveCfg = Release|Any CPU
		{51B1F79F-3CB5-4044-AF0C-9C00DC9ED985}.Release|Any CPU.Build.0 = Release|Any CPU
	EndGlobalSection
	GlobalSection(SolutionProperties) = preSolution
		HideSolutionNode = FALSE
	EndGlobalSection
	GlobalSection(ExtensibilityGlobals) = postSolution
		SolutionGuid = {A25D8221-5F53-45CD-9035-7E6CADC691A1}
	EndGlobalSection
EndGlobal
